
Microsoft Visual Studio Solution File, Format Version 12.00
# Visual Studio 15
VisualStudioVersion = 15.0.28307.329
MinimumVisualStudioVersion = 10.0.40219.1
Project("{FAE04EC0-301F-11D3-BF4B-00C04F79EFBC}") = "ZPI-Paletyzator", "ZPI-Paletyzator\ZPI-Paletyzator.csproj", "{42D4DA5F-5B26-42AE-A852-F4068AA48B36}"
EndProject
Global
	GlobalSection(SolutionConfigurationPlatforms) = preSolution
		Debug|Any CPU = Debug|Any CPU
		Release|Any CPU = Release|Any CPU
	EndGlobalSection
	GlobalSection(ProjectConfigurationPlatforms) = postSolution
		{42D4DA5F-5B26-42AE-A852-F4068AA48B36}.Debug|Any CPU.ActiveCfg = Debug|Any CPU
		{42D4DA5F-5B26-42AE-A852-F4068AA48B36}.Debug|Any CPU.Build.0 = Debug|Any CPU
		{42D4DA5F-5B26-42AE-A852-F4068AA48B36}.Release|Any CPU.ActiveCfg = Release|Any CPU
		{42D4DA5F-5B26-42AE-A852-F4068AA48B36}.Release|Any CPU.Build.0 = Release|Any CPU
	EndGlobalSection
	GlobalSection(SolutionProperties) = preSolution
		HideSolutionNode = FALSE
	EndGlobalSection
	GlobalSection(ExtensibilityGlobals) = postSolution
		SolutionGuid = {8A1F096C-7068-4783-AF6C-30AFFA09D809}
	EndGlobalSection
EndGlobal
